# This file is automatically @generated by Cargo.
# It is not intended for manual editing.
[[package]]
name = "adler32"
version = "1.0.4"
source = "registry+https://github.com/rust-lang/crates.io-index"
checksum = "5d2e7343e7fc9de883d1b0341e0b13970f764c14101234857d2ddafa1cb1cac2"

[[package]]
name = "ansi_term"
version = "0.11.0"
source = "registry+https://github.com/rust-lang/crates.io-index"
checksum = "ee49baf6cb617b853aa8d93bf420db2383fab46d314482ca2803b40d5fde979b"
dependencies = [
 "winapi",
]

[[package]]
name = "approx"
version = "0.3.2"
source = "registry+https://github.com/rust-lang/crates.io-index"
checksum = "f0e60b75072ecd4168020818c0107f2857bb6c4e64252d8d3983f6263b40a5c3"
dependencies = [
 "num-traits",
]

[[package]]
name = "atty"
version = "0.2.14"
source = "registry+https://github.com/rust-lang/crates.io-index"
checksum = "d9b39be18770d11421cdb1b9947a45dd3f37e93092cbf377614828a319d5fee8"
dependencies = [
 "hermit-abi",
 "libc",
 "winapi",
]

[[package]]
name = "autocfg"
version = "0.1.7"
source = "registry+https://github.com/rust-lang/crates.io-index"
checksum = "1d49d90015b3c36167a20fe2810c5cd875ad504b39cff3d4eae7977e6b7c1cb2"

[[package]]
name = "autocfg"
version = "1.0.0"
source = "registry+https://github.com/rust-lang/crates.io-index"
checksum = "f8aac770f1885fd7e387acedd76065302551364496e46b3dd00860b2f8359b9d"

[[package]]
name = "bitflags"
version = "1.2.1"
source = "registry+https://github.com/rust-lang/crates.io-index"
checksum = "cf1de2fe8c75bc145a2f577add951f8134889b4795d47466a54a5c846d691693"

[[package]]
name = "byteorder"
version = "1.3.2"
source = "registry+https://github.com/rust-lang/crates.io-index"
checksum = "a7c3dd8985a7111efc5c80b44e23ecdd8c007de8ade3b96595387e812b957cf5"

[[package]]
name = "c2-chacha"
version = "0.2.3"
source = "registry+https://github.com/rust-lang/crates.io-index"
checksum = "214238caa1bf3a496ec3392968969cab8549f96ff30652c9e56885329315f6bb"
dependencies = [
 "ppv-lite86",
]

[[package]]
name = "cc"
version = "1.0.50"
source = "registry+https://github.com/rust-lang/crates.io-index"
checksum = "95e28fa049fda1c330bcf9d723be7663a899c4679724b34c81e9f5a326aab8cd"

[[package]]
name = "cfg-if"
version = "0.1.10"
source = "registry+https://github.com/rust-lang/crates.io-index"
checksum = "4785bdd1c96b2a846b2bd7cc02e86b6b3dbf14e7e53446c4f54c92a361040822"

[[package]]
name = "clap"
version = "2.33.3"
source = "registry+https://github.com/rust-lang/crates.io-index"
checksum = "37e58ac78573c40708d45522f0d80fa2f01cc4f9b4e2bf749807255454312002"
dependencies = [
 "ansi_term",
 "atty",
 "bitflags",
 "strsim",
 "textwrap",
 "unicode-width",
 "vec_map",
]

[[package]]
name = "cmake"
version = "0.1.42"
source = "registry+https://github.com/rust-lang/crates.io-index"
checksum = "81fb25b677f8bf1eb325017cb6bb8452f87969db0fedb4f757b297bee78a7c62"
dependencies = [
 "cc",
]

[[package]]
name = "color_quant"
version = "1.0.1"
source = "registry+https://github.com/rust-lang/crates.io-index"
checksum = "0dbbb57365263e881e805dc77d94697c9118fd94d8da011240555aa7b23445bd"

[[package]]
name = "console"
version = "0.13.0"
source = "registry+https://github.com/rust-lang/crates.io-index"
checksum = "a50aab2529019abfabfa93f1e6c41ef392f91fbf179b347a7e96abb524884a08"
dependencies = [
 "encode_unicode",
 "lazy_static",
 "libc",
 "regex",
 "terminal_size",
 "unicode-width",
 "winapi",
 "winapi-util",
]

[[package]]
name = "crossbeam"
version = "0.7.3"
source = "registry+https://github.com/rust-lang/crates.io-index"
checksum = "69323bff1fb41c635347b8ead484a5ca6c3f11914d784170b158d8449ab07f8e"
dependencies = [
 "cfg-if",
 "crossbeam-channel",
 "crossbeam-deque",
 "crossbeam-epoch",
 "crossbeam-queue",
 "crossbeam-utils",
]

[[package]]
name = "crossbeam-channel"
version = "0.4.0"
source = "registry+https://github.com/rust-lang/crates.io-index"
checksum = "acec9a3b0b3559f15aee4f90746c4e5e293b701c0f7d3925d24e01645267b68c"
dependencies = [
 "crossbeam-utils",
]

[[package]]
name = "crossbeam-deque"
version = "0.7.2"
source = "registry+https://github.com/rust-lang/crates.io-index"
checksum = "c3aa945d63861bfe624b55d153a39684da1e8c0bc8fba932f7ee3a3c16cea3ca"
dependencies = [
 "crossbeam-epoch",
 "crossbeam-utils",
]

[[package]]
name = "crossbeam-epoch"
version = "0.8.0"
source = "registry+https://github.com/rust-lang/crates.io-index"
checksum = "5064ebdbf05ce3cb95e45c8b086f72263f4166b29b97f6baff7ef7fe047b55ac"
dependencies = [
 "autocfg 0.1.7",
 "cfg-if",
 "crossbeam-utils",
 "lazy_static",
 "memoffset",
 "scopeguard",
]

[[package]]
name = "crossbeam-queue"
version = "0.2.1"
source = "registry+https://github.com/rust-lang/crates.io-index"
checksum = "c695eeca1e7173472a32221542ae469b3e9aac3a4fc81f7696bcad82029493db"
dependencies = [
 "cfg-if",
 "crossbeam-utils",
]

[[package]]
name = "crossbeam-utils"
version = "0.7.0"
source = "registry+https://github.com/rust-lang/crates.io-index"
checksum = "ce446db02cdc3165b94ae73111e570793400d0794e46125cc4056c81cbb039f4"
dependencies = [
 "autocfg 0.1.7",
 "cfg-if",
 "lazy_static",
]

[[package]]
name = "deflate"
version = "0.7.20"
source = "registry+https://github.com/rust-lang/crates.io-index"
checksum = "707b6a7b384888a70c8d2e8650b3e60170dfc6a67bb4aa67b6dfca57af4bedb4"
dependencies = [
 "adler32",
 "byteorder",
]

[[package]]
name = "dialoguer"
version = "0.7.1"
source = "registry+https://github.com/rust-lang/crates.io-index"
checksum = "70f807b2943dc90f9747497d9d65d7e92472149be0b88bf4ce1201b4ac979c26"
dependencies = [
 "console",
 "lazy_static",
 "tempfile",
 "zeroize",
]

[[package]]
name = "either"
version = "1.5.3"
source = "registry+https://github.com/rust-lang/crates.io-index"
checksum = "bb1f6b1ce1c140482ea30ddd3335fc0024ac7ee112895426e0a629a6c20adfe3"

[[package]]
name = "encode_unicode"
version = "0.3.6"
source = "registry+https://github.com/rust-lang/crates.io-index"
checksum = "a357d28ed41a50f9c765dbfe56cbc04a64e53e5fc58ba79fbc34c10ef3df831f"

[[package]]
name = "fnv"
version = "1.0.6"
source = "registry+https://github.com/rust-lang/crates.io-index"
checksum = "2fad85553e09a6f881f739c29f0b00b0f01357c743266d478b68951ce23285f3"

[[package]]
name = "fps_counter"
version = "1.0.0"
source = "registry+https://github.com/rust-lang/crates.io-index"
checksum = "e87181dcb1c9f3297845af26d5d78c4936ff12f8abe1c2a5507459d45f5236a6"

[[package]]
name = "getrandom"
version = "0.1.14"
source = "registry+https://github.com/rust-lang/crates.io-index"
checksum = "7abc8dd8451921606d809ba32e95b6111925cd2906060d2dcc29c070220503eb"
dependencies = [
 "cfg-if",
 "libc",
 "wasi",
]

[[package]]
name = "gif"
version = "0.10.3"
source = "registry+https://github.com/rust-lang/crates.io-index"
checksum = "471d90201b3b223f3451cd4ad53e34295f16a1df17b1edf3736d47761c3981af"
dependencies = [
 "color_quant",
 "lzw",
]

[[package]]
name = "gnuplot"
version = "0.0.32"
source = "registry+https://github.com/rust-lang/crates.io-index"
checksum = "32fc2314e75d4e1a2aa0c2ec5b95f7facb106eb575b621bbb9493e49beea2da7"
dependencies = [
 "byteorder",
]

[[package]]
name = "half"
version = "1.4.0"
source = "registry+https://github.com/rust-lang/crates.io-index"
checksum = "9ff54597ea139063f4225f1ec47011b03c9de4a486957ff3fc506881dac951d0"

[[package]]
name = "hermit-abi"
version = "0.1.6"
source = "registry+https://github.com/rust-lang/crates.io-index"
checksum = "eff2656d88f158ce120947499e971d743c05dbcbed62e5bd2f38f1698bbc3772"
dependencies = [
 "libc",
]

[[package]]
name = "hound"
version = "3.4.0"
source = "registry+https://github.com/rust-lang/crates.io-index"
checksum = "8a164bb2ceaeff4f42542bdb847c41517c78a60f5649671b2a07312b6e117549"

[[package]]
name = "image"
version = "0.21.3"
source = "registry+https://github.com/rust-lang/crates.io-index"
checksum = "35371e467cd7b0b3d1d6013d619203658467df12d61b0ca43cd67b743b1965eb"
dependencies = [
 "byteorder",
 "gif",
 "jpeg-decoder",
 "lzw",
 "num-iter",
 "num-rational",
 "num-traits",
 "png",
 "scoped_threadpool",
 "tiff",
]

[[package]]
name = "inflate"
version = "0.4.5"
source = "registry+https://github.com/rust-lang/crates.io-index"
checksum = "1cdb29978cc5797bd8dcc8e5bf7de604891df2a8dc576973d71a281e916db2ff"
dependencies = [
 "adler32",
]

[[package]]
name = "jpeg-decoder"
version = "0.1.18"
source = "registry+https://github.com/rust-lang/crates.io-index"
checksum = "0256f0aec7352539102a9efbcb75543227b7ab1117e0f95450023af730128451"
dependencies = [
 "byteorder",
 "rayon",
]

[[package]]
name = "lazy_static"
version = "1.4.0"
source = "registry+https://github.com/rust-lang/crates.io-index"
checksum = "e2abad23fbc42b3700f2f279844dc832adb2b2eb069b2df918f455c4e18cc646"

[[package]]
name = "libc"
version = "0.2.66"
source = "registry+https://github.com/rust-lang/crates.io-index"
checksum = "d515b1f41455adea1313a4a2ac8a8a477634fbae63cc6100e3aebb207ce61558"

[[package]]
name = "lzw"
version = "0.10.0"
source = "registry+https://github.com/rust-lang/crates.io-index"
checksum = "7d947cbb889ed21c2a84be6ffbaebf5b4e0f4340638cba0444907e38b56be084"

[[package]]
name = "maybe-uninit"
version = "2.0.0"
source = "registry+https://github.com/rust-lang/crates.io-index"
checksum = "60302e4db3a61da70c0cb7991976248362f30319e88850c487b9b95bbf059e00"

[[package]]
name = "memoffset"
version = "0.5.3"
source = "registry+https://github.com/rust-lang/crates.io-index"
checksum = "75189eb85871ea5c2e2c15abbdd541185f63b408415e5051f5cac122d8c774b9"
dependencies = [
 "rustc_version",
]

[[package]]
name = "num"
version = "0.2.1"
source = "registry+https://github.com/rust-lang/crates.io-index"
checksum = "b8536030f9fea7127f841b45bb6243b27255787fb4eb83958aa1ef9d2fdc0c36"
dependencies = [
 "num-bigint",
 "num-complex",
 "num-integer",
 "num-iter",
 "num-rational",
 "num-traits",
]

[[package]]
name = "num-bigint"
version = "0.2.5"
source = "registry+https://github.com/rust-lang/crates.io-index"
checksum = "f6f115de20ad793e857f76da2563ff4a09fbcfd6fe93cca0c5d996ab5f3ee38d"
dependencies = [
 "autocfg 1.0.0",
 "num-integer",
 "num-traits",
]

[[package]]
name = "num-complex"
version = "0.2.4"
source = "registry+https://github.com/rust-lang/crates.io-index"
checksum = "b6b19411a9719e753aff12e5187b74d60d3dc449ec3f4dc21e3989c3f554bc95"
dependencies = [
 "autocfg 1.0.0",
 "num-traits",
]

[[package]]
name = "num-derive"
version = "0.2.5"
source = "registry+https://github.com/rust-lang/crates.io-index"
checksum = "eafd0b45c5537c3ba526f79d3e75120036502bebacbb3f3220914067ce39dbf2"
dependencies = [
 "proc-macro2 0.4.30",
 "quote 0.6.13",
 "syn 0.15.44",
]

[[package]]
name = "num-integer"
version = "0.1.42"
source = "registry+https://github.com/rust-lang/crates.io-index"
checksum = "3f6ea62e9d81a77cd3ee9a2a5b9b609447857f3d358704331e4ef39eb247fcba"
dependencies = [
 "autocfg 1.0.0",
 "num-traits",
]

[[package]]
name = "num-iter"
version = "0.1.40"
source = "registry+https://github.com/rust-lang/crates.io-index"
checksum = "dfb0800a0291891dd9f4fe7bd9c19384f98f7fbe0cd0f39a2c6b88b9868bbc00"
dependencies = [
 "autocfg 1.0.0",
 "num-integer",
 "num-traits",
]

[[package]]
name = "num-rational"
version = "0.2.3"
source = "registry+https://github.com/rust-lang/crates.io-index"
checksum = "da4dc79f9e6c81bef96148c8f6b8e72ad4541caa4a24373e900a36da07de03a3"
dependencies = [
 "autocfg 1.0.0",
 "num-bigint",
 "num-integer",
 "num-traits",
]

[[package]]
name = "num-traits"
version = "0.2.11"
source = "registry+https://github.com/rust-lang/crates.io-index"
checksum = "c62be47e61d1842b9170f0fdeec8eba98e60e90e5446449a0545e5152acd7096"
dependencies = [
 "autocfg 1.0.0",
]

[[package]]
name = "num_cpus"
version = "1.11.1"
source = "registry+https://github.com/rust-lang/crates.io-index"
checksum = "76dac5ed2a876980778b8b85f75a71b6cbf0db0b1232ee12f826bccb00d09d72"
dependencies = [
 "hermit-abi",
 "libc",
]

[[package]]
name = "obj"
version = "0.9.1"
source = "registry+https://github.com/rust-lang/crates.io-index"
checksum = "c03f145738a183bf53d24b6d943c861fb045fe2c231c60832419fa0eb2c8e183"

[[package]]
name = "palette"
version = "0.5.0"
source = "registry+https://github.com/rust-lang/crates.io-index"
checksum = "a05c0334468e62a4dfbda34b29110aa7d70d58c7fdb2c9857b5874dd9827cc59"
dependencies = [
 "approx",
 "num-traits",
 "palette_derive",
 "phf",
 "phf_codegen",
]

[[package]]
name = "palette_derive"
version = "0.5.0"
source = "registry+https://github.com/rust-lang/crates.io-index"
checksum = "0b4b5f600e60dd3a147fb57b4547033d382d1979eb087af310e91cb45a63b1f4"
dependencies = [
 "proc-macro2 1.0.7",
 "quote 1.0.2",
 "syn 1.0.13",
]

[[package]]
name = "phf"
version = "0.8.0"
source = "registry+https://github.com/rust-lang/crates.io-index"
checksum = "3dfb61232e34fcb633f43d12c58f83c1df82962dcdfa565a4e866ffc17dafe12"
dependencies = [
 "phf_shared",
]

[[package]]
name = "phf_codegen"
version = "0.8.0"
source = "registry+https://github.com/rust-lang/crates.io-index"
checksum = "cbffee61585b0411840d3ece935cce9cb6321f01c45477d30066498cd5e1a815"
dependencies = [
 "phf_generator",
 "phf_shared",
]

[[package]]
name = "phf_generator"
version = "0.8.0"
source = "registry+https://github.com/rust-lang/crates.io-index"
checksum = "17367f0cc86f2d25802b2c26ee58a7b23faeccf78a396094c13dced0d0182526"
dependencies = [
 "phf_shared",
 "rand",
]

[[package]]
name = "phf_shared"
version = "0.8.0"
source = "registry+https://github.com/rust-lang/crates.io-index"
checksum = "c00cf8b9eafe68dde5e9eaa2cef8ee84a9336a47d566ec55ca16589633b65af7"
dependencies = [
 "siphasher",
]

[[package]]
name = "png"
version = "0.14.1"
source = "registry+https://github.com/rust-lang/crates.io-index"
checksum = "63daf481fdd0defa2d1d2be15c674fbfa1b0fd71882c303a91f9a79b3252c359"
dependencies = [
 "bitflags",
 "deflate",
 "inflate",
 "num-iter",
]

[[package]]
name = "ppv-lite86"
version = "0.2.6"
source = "registry+https://github.com/rust-lang/crates.io-index"
checksum = "74490b50b9fbe561ac330df47c08f3f33073d2d00c150f719147d7c54522fa1b"

[[package]]
name = "proc-macro2"
version = "0.4.30"
source = "registry+https://github.com/rust-lang/crates.io-index"
checksum = "cf3d2011ab5c909338f7887f4fc896d35932e29146c12c8d01da6b22a80ba759"
dependencies = [
 "unicode-xid 0.1.0",
]

[[package]]
name = "proc-macro2"
version = "1.0.7"
source = "registry+https://github.com/rust-lang/crates.io-index"
checksum = "0319972dcae462681daf4da1adeeaa066e3ebd29c69be96c6abb1259d2ee2bcc"
dependencies = [
 "unicode-xid 0.2.0",
]

[[package]]
name = "quote"
version = "0.6.13"
source = "registry+https://github.com/rust-lang/crates.io-index"
checksum = "6ce23b6b870e8f94f81fb0a363d65d86675884b34a09043c81e5562f11c1f8e1"
dependencies = [
 "proc-macro2 0.4.30",
]

[[package]]
name = "quote"
version = "1.0.2"
source = "registry+https://github.com/rust-lang/crates.io-index"
checksum = "053a8c8bcc71fcce321828dc897a98ab9760bef03a4fc36693c231e5b3216cfe"
dependencies = [
 "proc-macro2 1.0.7",
]

[[package]]
name = "rand"
version = "0.7.3"
source = "registry+https://github.com/rust-lang/crates.io-index"
checksum = "6a6b1679d49b24bbfe0c803429aa1874472f50d9b363131f0e89fc356b544d03"
dependencies = [
 "getrandom",
 "libc",
 "rand_chacha",
 "rand_core",
 "rand_hc",
 "rand_pcg",
]

[[package]]
name = "rand_chacha"
version = "0.2.1"
source = "registry+https://github.com/rust-lang/crates.io-index"
checksum = "03a2a90da8c7523f554344f921aa97283eadf6ac484a6d2a7d0212fa7f8d6853"
dependencies = [
 "c2-chacha",
 "rand_core",
]

[[package]]
name = "rand_core"
version = "0.5.1"
source = "registry+https://github.com/rust-lang/crates.io-index"
checksum = "90bde5296fc891b0cef12a6d03ddccc162ce7b2aff54160af9338f8d40df6d19"
dependencies = [
 "getrandom",
]

[[package]]
name = "rand_hc"
version = "0.2.0"
source = "registry+https://github.com/rust-lang/crates.io-index"
checksum = "ca3129af7b92a17112d59ad498c6f81eaf463253766b90396d39ea7a39d6613c"
dependencies = [
 "rand_core",
]

[[package]]
name = "rand_pcg"
version = "0.2.1"
source = "registry+https://github.com/rust-lang/crates.io-index"
checksum = "16abd0c1b639e9eb4d7c50c0b8100b0d0f849be2349829c740fe8e6eb4816429"
dependencies = [
 "rand_core",
]

[[package]]
name = "rayon"
version = "1.3.0"
source = "registry+https://github.com/rust-lang/crates.io-index"
checksum = "db6ce3297f9c85e16621bb8cca38a06779ffc31bb8184e1be4bed2be4678a098"
dependencies = [
 "crossbeam-deque",
 "either",
 "rayon-core",
]

[[package]]
name = "rayon-core"
version = "1.7.0"
source = "registry+https://github.com/rust-lang/crates.io-index"
checksum = "08a89b46efaf957e52b18062fb2f4660f8b8a4dde1807ca002690868ef2c85a9"
dependencies = [
 "crossbeam-deque",
 "crossbeam-queue",
 "crossbeam-utils",
 "lazy_static",
 "num_cpus",
]

[[package]]
name = "raytrace-reverb"
version = "0.1.0"
dependencies = [
 "clap",
 "dialoguer",
 "fps_counter",
 "gnuplot",
 "hound",
 "image",
 "num",
 "obj",
 "palette",
 "rand",
 "rustfft",
 "vulkano",
 "vulkano-shaders",
]

[[package]]
name = "redox_syscall"
version = "0.1.57"
source = "registry+https://github.com/rust-lang/crates.io-index"
checksum = "41cc0f7e4d5d4544e8861606a285bb08d3e70712ccc7d2b84d7c0ccfaf4b05ce"

[[package]]
name = "regex"
version = "1.4.3"
source = "registry+https://github.com/rust-lang/crates.io-index"
checksum = "d9251239e129e16308e70d853559389de218ac275b515068abc96829d05b948a"
dependencies = [
 "regex-syntax",
]

[[package]]
name = "regex-syntax"
version = "0.6.22"
source = "registry+https://github.com/rust-lang/crates.io-index"
checksum = "b5eb417147ba9860a96cfe72a0b93bf88fee1744b5636ec99ab20c1aa9376581"

[[package]]
name = "remove_dir_all"
version = "0.5.3"
source = "registry+https://github.com/rust-lang/crates.io-index"
checksum = "3acd125665422973a33ac9d3dd2df85edad0f4ae9b00dafb1a05e43a9f5ef8e7"
dependencies = [
 "winapi",
]

[[package]]
name = "rustc_version"
version = "0.2.3"
source = "registry+https://github.com/rust-lang/crates.io-index"
checksum = "138e3e0acb6c9fb258b19b67cb8abd63c00679d2851805ea151465464fe9030a"
dependencies = [
 "semver",
]

[[package]]
name = "rustfft"
version = "3.0.1"
source = "registry+https://github.com/rust-lang/crates.io-index"
checksum = "77008ed59a8923c8b4ac2e5eaa6d28fbe893d3b9515098a4a5fc7767d6430fe5"
dependencies = [
 "num-complex",
 "num-integer",
 "num-traits",
 "strength_reduce",
 "transpose",
]

[[package]]
name = "scoped_threadpool"
version = "0.1.9"
source = "registry+https://github.com/rust-lang/crates.io-index"
checksum = "1d51f5df5af43ab3f1360b429fa5e0152ac5ce8c0bd6485cae490332e96846a8"

[[package]]
name = "scopeguard"
version = "1.0.0"
source = "registry+https://github.com/rust-lang/crates.io-index"
checksum = "b42e15e59b18a828bbf5c58ea01debb36b9b096346de35d941dcb89009f24a0d"

[[package]]
name = "semver"
version = "0.9.0"
source = "registry+https://github.com/rust-lang/crates.io-index"
checksum = "1d7eb9ef2c18661902cc47e535f9bc51b78acd254da71d375c2f6720d9a40403"
dependencies = [
 "semver-parser",
]

[[package]]
name = "semver-parser"
version = "0.7.0"
source = "registry+https://github.com/rust-lang/crates.io-index"
checksum = "388a1df253eca08550bef6c72392cfe7c30914bf41df5269b68cbd6ff8f570a3"

[[package]]
name = "shaderc"
version = "0.5.1"
source = "registry+https://github.com/rust-lang/crates.io-index"
checksum = "b7edff43a83e12343b7908b4ee4cef1c886460fc721d868ee69d6a45ae902c22"
dependencies = [
 "libc",
 "shaderc-sys",
]

[[package]]
name = "shaderc-sys"
version = "0.5.1"
source = "registry+https://github.com/rust-lang/crates.io-index"
checksum = "1a3d04ede135a5d6d66451f6ed501da68f8a63e0477185ab4e7d459cd78a6e34"
dependencies = [
 "cmake",
 "libc",
]

[[package]]
name = "shared_library"
version = "0.1.9"
source = "registry+https://github.com/rust-lang/crates.io-index"
checksum = "5a9e7e0f2bfae24d8a5b5a66c5b257a83c7412304311512a0c054cd5e619da11"
dependencies = [
 "lazy_static",
 "libc",
]

[[package]]
name = "siphasher"
version = "0.3.1"
source = "registry+https://github.com/rust-lang/crates.io-index"
checksum = "83da420ee8d1a89e640d0948c646c1c088758d3a3c538f943bfa97bdac17929d"

[[package]]
name = "smallvec"
version = "0.6.13"
source = "registry+https://github.com/rust-lang/crates.io-index"
checksum = "f7b0758c52e15a8b5e3691eae6cc559f08eee9406e548a4477ba4e67770a82b6"
dependencies = [
 "maybe-uninit",
]

[[package]]
name = "strength_reduce"
version = "0.2.3"
source = "registry+https://github.com/rust-lang/crates.io-index"
checksum = "a3ff2f71c82567c565ba4b3009a9350a96a7269eaa4001ebedae926230bc2254"

[[package]]
name = "strsim"
version = "0.8.0"
source = "registry+https://github.com/rust-lang/crates.io-index"
checksum = "8ea5119cdb4c55b55d432abb513a0429384878c15dde60cc77b1c99de1a95a6a"

[[package]]
name = "syn"
version = "0.15.44"
source = "registry+https://github.com/rust-lang/crates.io-index"
checksum = "9ca4b3b69a77cbe1ffc9e198781b7acb0c7365a883670e8f1c1bc66fba79a5c5"
dependencies = [
 "proc-macro2 0.4.30",
 "quote 0.6.13",
 "unicode-xid 0.1.0",
]

[[package]]
name = "syn"
version = "1.0.13"
source = "registry+https://github.com/rust-lang/crates.io-index"
checksum = "1e4ff033220a41d1a57d8125eab57bf5263783dfdcc18688b1dacc6ce9651ef8"
dependencies = [
 "proc-macro2 1.0.7",
 "quote 1.0.2",
 "unicode-xid 0.2.0",
]

[[package]]
name = "tempfile"
version = "3.1.0"
source = "registry+https://github.com/rust-lang/crates.io-index"
checksum = "7a6e24d9338a0a5be79593e2fa15a648add6138caa803e2d5bc782c371732ca9"
dependencies = [
 "cfg-if",
 "libc",
 "rand",
 "redox_syscall",
 "remove_dir_all",
 "winapi",
]

[[package]]
name = "terminal_size"
version = "0.1.15"
source = "registry+https://github.com/rust-lang/crates.io-index"
checksum = "4bd2d183bd3fac5f5fe38ddbeb4dc9aec4a39a9d7d59e7491d900302da01cbe1"
dependencies = [
 "libc",
 "winapi",
]

[[package]]
name = "textwrap"
version = "0.11.0"
source = "registry+https://github.com/rust-lang/crates.io-index"
checksum = "d326610f408c7a4eb6f51c37c330e496b08506c9457c9d34287ecc38809fb060"
dependencies = [
 "unicode-width",
]

[[package]]
name = "tiff"
version = "0.2.2"
source = "registry+https://github.com/rust-lang/crates.io-index"
checksum = "1e4834f28a0330cb9f3f2c87d2649dca723cb33802e2bdcf18da32759fbec7ce"
dependencies = [
 "byteorder",
 "lzw",
 "num-derive",
 "num-traits",
]

[[package]]
name = "transpose"
version = "0.1.0"
source = "registry+https://github.com/rust-lang/crates.io-index"
checksum = "643e21580bb0627c7bb09e5cedbb42c8705b19d012de593ed6b0309270b3cd1e"

[[package]]
name = "unicode-width"
version = "0.1.8"
source = "registry+https://github.com/rust-lang/crates.io-index"
checksum = "9337591893a19b88d8d87f2cec1e73fad5cdfd10e5a6f349f498ad6ea2ffb1e3"

[[package]]
name = "unicode-xid"
version = "0.1.0"
source = "registry+https://github.com/rust-lang/crates.io-index"
checksum = "fc72304796d0818e357ead4e000d19c9c174ab23dc11093ac919054d20a6a7fc"

[[package]]
name = "unicode-xid"
version = "0.2.0"
source = "registry+https://github.com/rust-lang/crates.io-index"
checksum = "826e7639553986605ec5979c7dd957c7895e93eabed50ab2ffa7f6128a75097c"

[[package]]
name = "vec_map"
version = "0.8.2"
source = "registry+https://github.com/rust-lang/crates.io-index"
checksum = "f1bddf1187be692e79c5ffeab891132dfb0f236ed36a43c7ed39f1165ee20191"

[[package]]
name = "vk-sys"
version = "0.4.0"
source = "registry+https://github.com/rust-lang/crates.io-index"
checksum = "36f5fd4a7d6d5d19808610583131c0aed271556527cad4cb71c436831a28e059"

[[package]]
name = "vulkano"
version = "0.13.0"
source = "registry+https://github.com/rust-lang/crates.io-index"
checksum = "c6f294e6ee35791705302dcfbadae018e9ec407b5c2116c1855e1bfe2e0fdffa"
dependencies = [
 "crossbeam",
 "fnv",
 "half",
 "lazy_static",
 "shared_library",
 "smallvec",
 "vk-sys",
]

[[package]]
name = "vulkano-shaders"
version = "0.13.0"
source = "registry+https://github.com/rust-lang/crates.io-index"
checksum = "116098075a36f2265dc40d1dd73dc6c255502088fa8a845cc372c3ca42320742"
dependencies = [
 "proc-macro2 0.4.30",
 "quote 0.6.13",
 "shaderc",
 "syn 0.15.44",
]

[[package]]
name = "wasi"
version = "0.9.0+wasi-snapshot-preview1"
source = "registry+https://github.com/rust-lang/crates.io-index"
checksum = "cccddf32554fecc6acb585f82a32a72e28b48f8c4c1883ddfeeeaa96f7d8e519"

[[package]]
name = "winapi"
version = "0.3.9"
source = "registry+https://github.com/rust-lang/crates.io-index"
checksum = "5c839a674fcd7a98952e593242ea400abe93992746761e38641405d28b00f419"
dependencies = [
 "winapi-i686-pc-windows-gnu",
 "winapi-x86_64-pc-windows-gnu",
]

[[package]]
name = "winapi-i686-pc-windows-gnu"
version = "0.4.0"
source = "registry+https://github.com/rust-lang/crates.io-index"
checksum = "ac3b87c63620426dd9b991e5ce0329eff545bccbbb34f3be09ff6fb6ab51b7b6"

[[package]]
name = "winapi-util"
version = "0.1.5"
source = "registry+https://github.com/rust-lang/crates.io-index"
checksum = "70ec6ce85bb158151cae5e5c87f95a8e97d2c0c4b001223f33a334e3ce5de178"
dependencies = [
 "winapi",
]

[[package]]
name = "winapi-x86_64-pc-windows-gnu"
version = "0.4.0"
source = "registry+https://github.com/rust-lang/crates.io-index"
checksum = "712e227841d057c1ee1cd2fb22fa7e5a5461ae8e48fa2ca79ec42cfc1931183f"

[[package]]
name = "zeroize"
version = "0.9.3"
source = "registry+https://github.com/rust-lang/crates.io-index"
checksum = "45af6a010d13e4cf5b54c94ba5a2b2eba5596b9e46bf5875612d332a1f2b3f86"
